
Microsoft Visual Studio Solution File, Format Version 12.00
# Visual Studio Version 16
VisualStudioVersion = 16.0.31105.61
MinimumVisualStudioVersion = 10.0.40219.1
Project("{9A19103F-16F7-4668-BE54-9A1E7A4F7556}") = "AdventOfCode2020", "AdventOfCode2020\AdventOfCode2020.csproj", "{E1D69B58-C5EE-492B-B106-859842527A0D}"
EndProject
Project("{FAE04EC0-301F-11D3-BF4B-00C04F79EFBC}") = "AdventOfCode2020Tests", "AdventOfCode2020Tests\AdventOfCode2020Tests.csproj", "{5CECB7E0-C7A8-4A74-9D04-09FC2924203F}"
EndProject
Global
	GlobalSection(SolutionConfigurationPlatforms) = preSolution
		Debug|Any CPU = Debug|Any CPU
		Release|Any CPU = Release|Any CPU
	EndGlobalSection
	GlobalSection(ProjectConfigurationPlatforms) = postSolution
		{E1D69B58-C5EE-492B-B106-859842527A0D}.Debug|Any CPU.ActiveCfg = Debug|Any CPU
		{E1D69B58-C5EE-492B-B106-859842527A0D}.Debug|Any CPU.Build.0 = Debug|Any CPU
		{E1D69B58-C5EE-492B-B106-859842527A0D}.Release|Any CPU.ActiveCfg = Release|Any CPU
		{E1D69B58-C5EE-492B-B106-859842527A0D}.Release|Any CPU.Build.0 = Release|Any CPU
		{5CECB7E0-C7A8-4A74-9D04-09FC2924203F}.Debug|Any CPU.ActiveCfg = Debug|Any CPU
		{5CECB7E0-C7A8-4A74-9D04-09FC2924203F}.Debug|Any CPU.Build.0 = Debug|Any CPU
		{5CECB7E0-C7A8-4A74-9D04-09FC2924203F}.Release|Any CPU.ActiveCfg = Release|Any CPU
		{5CECB7E0-C7A8-4A74-9D04-09FC2924203F}.Release|Any CPU.Build.0 = Release|Any CPU
	EndGlobalSection
	GlobalSection(SolutionProperties) = preSolution
		HideSolutionNode = FALSE
	EndGlobalSection
	GlobalSection(ExtensibilityGlobals) = postSolution
		SolutionGuid = {C5DBA881-7343-4BF4-9C1B-A58B536D7BC8}
	EndGlobalSection
EndGlobal
